
Microsoft Visual Studio Solution File, Format Version 12.00
# Visual Studio 15
VisualStudioVersion = 15.0.27703.2035
MinimumVisualStudioVersion = 10.0.40219.1
Project("{FAE04EC0-301F-11D3-BF4B-00C04F79EFBC}") = "02-calculadora", "02-calculadora\02-calculadora.csproj", "{218825A0-FF52-43A2-A54C-96F7A5B9055F}"
EndProject
Global
	GlobalSection(SolutionConfigurationPlatforms) = preSolution
		Debug|Any CPU = Debug|Any CPU
		Release|Any CPU = Release|Any CPU
	EndGlobalSection
	GlobalSection(ProjectConfigurationPlatforms) = postSolution
		{218825A0-FF52-43A2-A54C-96F7A5B9055F}.Debug|Any CPU.ActiveCfg = Debug|Any CPU
		{218825A0-FF52-43A2-A54C-96F7A5B9055F}.Debug|Any CPU.Build.0 = Debug|Any CPU
		{218825A0-FF52-43A2-A54C-96F7A5B9055F}.Release|Any CPU.ActiveCfg = Release|Any CPU
		{218825A0-FF52-43A2-A54C-96F7A5B9055F}.Release|Any CPU.Build.0 = Release|Any CPU
	EndGlobalSection
	GlobalSection(SolutionProperties) = preSolution
		HideSolutionNode = FALSE
	EndGlobalSection
	GlobalSection(ExtensibilityGlobals) = postSolution
		SolutionGuid = {4D9B0510-CCDF-4013-91CE-72914D0BC460}
	EndGlobalSection
EndGlobal
